// !$*UTF8*$!
{
	archiveVersion = 1;
	classes = {
	};
	objectVersion = 50;
	objects = {

/* Begin PBXBuildFile section */
		9EB51F832292AB4A0052A6BA /* AppDelegate.swift in Sources */ = {isa = PBXBuildFile; fileRef = 9EB51F822292AB4A0052A6BA /* AppDelegate.swift */; };
		9EB51F852292AB4A0052A6BA /* ViewController.swift in Sources */ = {isa = PBXBuildFile; fileRef = 9EB51F842292AB4A0052A6BA /* ViewController.swift */; };
		9EB51F882292AB4A0052A6BA /* Main.storyboard in Resources */ = {isa = PBXBuildFile; fileRef = 9EB51F862292AB4A0052A6BA /* Main.storyboard */; };
		9EB51F8A2292AB4C0052A6BA /* Assets.xcassets in Resources */ = {isa = PBXBuildFile; fileRef = 9EB51F892292AB4C0052A6BA /* Assets.xcassets */; };
		9EB51F8D2292AB4C0052A6BA /* LaunchScreen.storyboard in Resources */ = {isa = PBXBuildFile; fileRef = 9EB51F8B2292AB4C0052A6BA /* LaunchScreen.storyboard */; };
		9EB51F982292AB4C0052A6BA /* SWRevealSlideOutMenuTests.swift in Sources */ = {isa = PBXBuildFile; fileRef = 9EB51F972292AB4C0052A6BA /* SWRevealSlideOutMenuTests.swift */; };
		9EB51FA32292AB4C0052A6BA /* SWRevealSlideOutMenuUITests.swift in Sources */ = {isa = PBXBuildFile; fileRef = 9EB51FA22292AB4C0052A6BA /* SWRevealSlideOutMenuUITests.swift */; };
		9EB51FB32292AB760052A6BA /* SWRevealViewController.m in Sources */ = {isa = PBXBuildFile; fileRef = 9EB51FB12292AB760052A6BA /* SWRevealViewController.m */; };
		9EB51FB52292AC080052A6BA /* MenuViewController.swift in Sources */ = {isa = PBXBuildFile; fileRef = 9EB51FB42292AC080052A6BA /* MenuViewController.swift */; };
		9EB51FB92292B89D0052A6BA /* AppConfigurator.swift in Sources */ = {isa = PBXBuildFile; fileRef = 9EB51FB72292B8140052A6BA /* AppConfigurator.swift */; };
		9EC229682293D9960086D230 /* RedViewController.swift in Sources */ = {isa = PBXBuildFile; fileRef = 9EC229672293D9960086D230 /* RedViewController.swift */; };
		9EC2296A2293E54D0086D230 /* OrangeViewController.swift in Sources */ = {isa = PBXBuildFile; fileRef = 9EC229692293E54D0086D230 /* OrangeViewController.swift */; };
/* End PBXBuildFile section */

/* Begin PBXContainerItemProxy section */
		9EB51F942292AB4C0052A6BA /* PBXContainerItemProxy */ = {
			isa = PBXContainerItemProxy;
			containerPortal = 9EB51F772292AB4A0052A6BA /* Project object */;
			proxyType = 1;
			remoteGlobalIDString = 9EB51F7E2292AB4A0052A6BA;
			remoteInfo = SWRevealSlideOutMenu;
		};
		9EB51F9F2292AB4C0052A6BA /* PBXContainerItemProxy */ = {
			isa = PBXContainerItemProxy;
			containerPortal = 9EB51F772292AB4A0052A6BA /* Project object */;
			proxyType = 1;
			remoteGlobalIDString = 9EB51F7E2292AB4A0052A6BA;
			remoteInfo = SWRevealSlideOutMenu;
		};
/* End PBXContainerItemProxy section */

/* Begin PBXFileReference section */
		9EB51F7F2292AB4A0052A6BA /* SWRevealSlideOutMenu.app */ = {isa = PBXFileReference; explicitFileType = wrapper.application; includeInIndex = 0; path = SWRevealSlideOutMenu.app; sourceTree = BUILT_PRODUCTS_DIR; };
		9EB51F822292AB4A0052A6BA /* AppDelegate.swift */ = {isa = PBXFileReference; lastKnownFileType = sourcecode.swift; path = AppDelegate.swift; sourceTree = "<group>"; };
		9EB51F842292AB4A0052A6BA /* ViewController.swift */ = {isa = PBXFileReference; lastKnownFileType = sourcecode.swift; path = ViewController.swift; sourceTree = "<group>"; };
		9EB51F872292AB4A0052A6BA /* Base */ = {isa = PBXFileReference; lastKnownFileType = file.storyboard; name = Base; path = Base.lproj/Main.storyboard; sourceTree = "<group>"; };
		9EB51F892292AB4C0052A6BA /* Assets.xcassets */ = {isa = PBXFileReference; lastKnownFileType = folder.assetcatalog; path = Assets.xcassets; sourceTree = "<group>"; };
		9EB51F8C2292AB4C0052A6BA /* Base */ = {isa = PBXFileReference; lastKnownFileType = file.storyboard; name = Base; path = Base.lproj/LaunchScreen.storyboard; sourceTree = "<group>"; };
		9EB51F8E2292AB4C0052A6BA /* Info.plist */ = {isa = PBXFileReference; lastKnownFileType = text.plist.xml; path = Info.plist; sourceTree = "<group>"; };
		9EB51F932292AB4C0052A6BA /* SWRevealSlideOutMenuTests.xctest */ = {isa = PBXFileReference; explicitFileType = wrapper.cfbundle; includeInIndex = 0; path = SWRevealSlideOutMenuTests.xctest; sourceTree = BUILT_PRODUCTS_DIR; };
		9EB51F972292AB4C0052A6BA /* SWRevealSlideOutMenuTests.swift */ = {isa = PBXFileReference; lastKnownFileType = sourcecode.swift; path = SWRevealSlideOutMenuTests.swift; sourceTree = "<group>"; };
		9EB51F992292AB4C0052A6BA /* Info.plist */ = {isa = PBXFileReference; lastKnownFileType = text.plist.xml; path = Info.plist; sourceTree = "<group>"; };
		9EB51F9E2292AB4C0052A6BA /* SWRevealSlideOutMenuUITests.xctest */ = {isa = PBXFileReference; explicitFileType = wrapper.cfbundle; includeInIndex = 0; path = SWRevealSlideOutMenuUITests.xctest; sourceTree = BUILT_PRODUCTS_DIR; };
		9EB51FA22292AB4C0052A6BA /* SWRevealSlideOutMenuUITests.swift */ = {isa = PBXFileReference; lastKnownFileType = sourcecode.swift; path = SWRevealSlideOutMenuUITests.swift; sourceTree = "<group>"; };
		9EB51FA42292AB4C0052A6BA /* Info.plist */ = {isa = PBXFileReference; lastKnownFileType = text.plist.xml; path = Info.plist; sourceTree = "<group>"; };
		9EB51FB02292AB750052A6BA /* SWRevealSlideOutMenu-Bridging-Header.h */ = {isa = PBXFileReference; lastKnownFileType = sourcecode.c.h; path = "SWRevealSlideOutMenu-Bridging-Header.h"; sourceTree = "<group>"; };
		9EB51FB12292AB760052A6BA /* SWRevealViewController.m */ = {isa = PBXFileReference; fileEncoding = 4; lastKnownFileType = sourcecode.c.objc; path = SWRevealViewController.m; sourceTree = "<group>"; };
		9EB51FB22292AB760052A6BA /* SWRevealViewController.h */ = {isa = PBXFileReference; fileEncoding = 4; lastKnownFileType = sourcecode.c.h; path = SWRevealViewController.h; sourceTree = "<group>"; };
		9EB51FB42292AC080052A6BA /* MenuViewController.swift */ = {isa = PBXFileReference; lastKnownFileType = sourcecode.swift; path = MenuViewController.swift; sourceTree = "<group>"; };
		9EB51FB72292B8140052A6BA /* AppConfigurator.swift */ = {isa = PBXFileReference; lastKnownFileType = sourcecode.swift; name = AppConfigurator.swift; path = SWRevealSlideOutMenuUITests/AppConfigurator.swift; sourceTree = SOURCE_ROOT; };
		9EC229672293D9960086D230 /* RedViewController.swift */ = {isa = PBXFileReference; lastKnownFileType = sourcecode.swift; path = RedViewController.swift; sourceTree = "<group>"; };
		9EC229692293E54D0086D230 /* OrangeViewController.swift */ = {isa = PBXFileReference; lastKnownFileType = sourcecode.swift; path = OrangeViewController.swift; sourceTree = "<group>"; };
/* End PBXFileReference section */

/* Begin PBXFrameworksBuildPhase section */
		9EB51F7C2292AB4A0052A6BA /* Frameworks */ = {
			isa = PBXFrameworksBuildPhase;
			buildActionMask = 2147483647;
			files = (
			);
			runOnlyForDeploymentPostprocessing = 0;
		};
		9EB51F902292AB4C0052A6BA /* Frameworks */ = {
			isa = PBXFrameworksBuildPhase;
			buildActionMask = 2147483647;
			files = (
			);
			runOnlyForDeploymentPostprocessing = 0;
		};
		9EB51F9B2292AB4C0052A6BA /* Frameworks */ = {
			isa = PBXFrameworksBuildPhase;
			buildActionMask = 2147483647;
			files = (
			);
			runOnlyForDeploymentPostprocessing = 0;
		};
/* End PBXFrameworksBuildPhase section */

/* Begin PBXGroup section */
		9EB51F762292AB4A0052A6BA = {
			isa = PBXGroup;
			children = (
				9EB51F812292AB4A0052A6BA /* SWRevealSlideOutMenu */,
				9EB51F962292AB4C0052A6BA /* SWRevealSlideOutMenuTests */,
				9EB51FA12292AB4C0052A6BA /* SWRevealSlideOutMenuUITests */,
				9EB51F802292AB4A0052A6BA /* Products */,
			);
			sourceTree = "<group>";
		};
		9EB51F802292AB4A0052A6BA /* Products */ = {
			isa = PBXGroup;
			children = (
				9EB51F7F2292AB4A0052A6BA /* SWRevealSlideOutMenu.app */,
				9EB51F932292AB4C0052A6BA /* SWRevealSlideOutMenuTests.xctest */,
				9EB51F9E2292AB4C0052A6BA /* SWRevealSlideOutMenuUITests.xctest */,
			);
			name = Products;
			sourceTree = "<group>";
		};
		9EB51F812292AB4A0052A6BA /* SWRevealSlideOutMenu */ = {
			isa = PBXGroup;
			children = (
				9EB51F822292AB4A0052A6BA /* AppDelegate.swift */,
				9EB51FB72292B8140052A6BA /* AppConfigurator.swift */,
				9EB51FB42292AC080052A6BA /* MenuViewController.swift */,
				9EC2296B2293E8D70086D230 /* ViewControllers */,
				9EB51F862292AB4A0052A6BA /* Main.storyboard */,
				9EB51F892292AB4C0052A6BA /* Assets.xcassets */,
				9EB51F8B2292AB4C0052A6BA /* LaunchScreen.storyboard */,
				9EB51F8E2292AB4C0052A6BA /* Info.plist */,
				9EB51FB02292AB750052A6BA /* SWRevealSlideOutMenu-Bridging-Header.h */,
				9EB51FB62292AC110052A6BA /* Frameworks */,
			);
			path = SWRevealSlideOutMenu;
			sourceTree = "<group>";
		};
		9EB51F962292AB4C0052A6BA /* SWRevealSlideOutMenuTests */ = {
			isa = PBXGroup;
			children = (
				9EB51F972292AB4C0052A6BA /* SWRevealSlideOutMenuTests.swift */,
				9EB51F992292AB4C0052A6BA /* Info.plist */,
			);
			path = SWRevealSlideOutMenuTests;
			sourceTree = "<group>";
		};
		9EB51FA12292AB4C0052A6BA /* SWRevealSlideOutMenuUITests */ = {
			isa = PBXGroup;
			children = (
				9EB51FA22292AB4C0052A6BA /* SWRevealSlideOutMenuUITests.swift */,
				9EB51FA42292AB4C0052A6BA /* Info.plist */,
			);
			path = SWRevealSlideOutMenuUITests;
			sourceTree = "<group>";
		};
		9EB51FB62292AC110052A6BA /* Frameworks */ = {
			isa = PBXGroup;
			children = (
				9EB51FB22292AB760052A6BA /* SWRevealViewController.h */,
				9EB51FB12292AB760052A6BA /* SWRevealViewController.m */,
			);
			path = Frameworks;
			sourceTree = "<group>";
		};
		9EC2296B2293E8D70086D230 /* ViewControllers */ = {
			isa = PBXGroup;
			children = (
				9EB51F842292AB4A0052A6BA /* ViewController.swift */,
				9EC229672293D9960086D230 /* RedViewController.swift */,
				9EC229692293E54D0086D230 /* OrangeViewController.swift */,
			);
			path = ViewControllers;
			sourceTree = "<group>";
		};
/* End PBXGroup section */

/* Begin PBXNativeTarget section */
		9EB51F7E2292AB4A0052A6BA /* SWRevealSlideOutMenu */ = {
			isa = PBXNativeTarget;
			buildConfigurationList = 9EB51FA72292AB4C0052A6BA /* Build configuration list for PBXNativeTarget "SWRevealSlideOutMenu" */;
			buildPhases = (
				9EB51F7B2292AB4A0052A6BA /* Sources */,
				9EB51F7C2292AB4A0052A6BA /* Frameworks */,
				9EB51F7D2292AB4A0052A6BA /* Resources */,
			);
			buildRules = (
			);
			dependencies = (
			);
			name = SWRevealSlideOutMenu;
			productName = SWRevealSlideOutMenu;
			productReference = 9EB51F7F2292AB4A0052A6BA /* SWRevealSlideOutMenu.app */;
			productType = "com.apple.product-type.application";
		};
		9EB51F922292AB4C0052A6BA /* SWRevealSlideOutMenuTests */ = {
			isa = PBXNativeTarget;
			buildConfigurationList = 9EB51FAA2292AB4C0052A6BA /* Build configuration list for PBXNativeTarget "SWRevealSlideOutMenuTests" */;
			buildPhases = (
				9EB51F8F2292AB4C0052A6BA /* Sources */,
				9EB51F902292AB4C0052A6BA /* Frameworks */,
				9EB51F912292AB4C0052A6BA /* Resources */,
			);
			buildRules = (
			);
			dependencies = (
				9EB51F952292AB4C0052A6BA /* PBXTargetDependency */,
			);
			name = SWRevealSlideOutMenuTests;
			productName = SWRevealSlideOutMenuTests;
			productReference = 9EB51F932292AB4C0052A6BA /* SWRevealSlideOutMenuTests.xctest */;
			productType = "com.apple.product-type.bundle.unit-test";
		};
		9EB51F9D2292AB4C0052A6BA /* SWRevealSlideOutMenuUITests */ = {
			isa = PBXNativeTarget;
			buildConfigurationList = 9EB51FAD2292AB4C0052A6BA /* Build configuration list for PBXNativeTarget "SWRevealSlideOutMenuUITests" */;
			buildPhases = (
				9EB51F9A2292AB4C0052A6BA /* Sources */,
				9EB51F9B2292AB4C0052A6BA /* Frameworks */,
				9EB51F9C2292AB4C0052A6BA /* Resources */,
			);
			buildRules = (
			);
			dependencies = (
				9EB51FA02292AB4C0052A6BA /* PBXTargetDependency */,
			);
			name = SWRevealSlideOutMenuUITests;
			productName = SWRevealSlideOutMenuUITests;
			productReference = 9EB51F9E2292AB4C0052A6BA /* SWRevealSlideOutMenuUITests.xctest */;
			productType = "com.apple.product-type.bundle.ui-testing";
		};
/* End PBXNativeTarget section */

/* Begin PBXProject section */
		9EB51F772292AB4A0052A6BA /* Project object */ = {
			isa = PBXProject;
			attributes = {
				LastSwiftUpdateCheck = 1020;
				LastUpgradeCheck = 1020;
				ORGANIZATIONNAME = "Халу";
				TargetAttributes = {
					9EB51F7E2292AB4A0052A6BA = {
						CreatedOnToolsVersion = 10.2.1;
						LastSwiftMigration = 1020;
					};
					9EB51F922292AB4C0052A6BA = {
						CreatedOnToolsVersion = 10.2.1;
						TestTargetID = 9EB51F7E2292AB4A0052A6BA;
					};
					9EB51F9D2292AB4C0052A6BA = {
						CreatedOnToolsVersion = 10.2.1;
						TestTargetID = 9EB51F7E2292AB4A0052A6BA;
					};
				};
			};
			buildConfigurationList = 9EB51F7A2292AB4A0052A6BA /* Build configuration list for PBXProject "SWRevealSlideOutMenu" */;
			compatibilityVersion = "Xcode 9.3";
			developmentRegion = en;
			hasScannedForEncodings = 0;
			knownRegions = (
				en,
				Base,
			);
			mainGroup = 9EB51F762292AB4A0052A6BA;
			productRefGroup = 9EB51F802292AB4A0052A6BA /* Products */;
			projectDirPath = "";
			projectRoot = "";
			targets = (
				9EB51F7E2292AB4A0052A6BA /* SWRevealSlideOutMenu */,
				9EB51F922292AB4C0052A6BA /* SWRevealSlideOutMenuTests */,
				9EB51F9D2292AB4C0052A6BA /* SWRevealSlideOutMenuUITests */,
			);
		};
/* End PBXProject section */

/* Begin PBXResourcesBuildPhase section */
		9EB51F7D2292AB4A0052A6BA /* Resources */ = {
			isa = PBXResourcesBuildPhase;
			buildActionMask = 2147483647;
			files = (
				9EB51F8D2292AB4C0052A6BA /* LaunchScreen.storyboard in Resources */,
				9EB51F8A2292AB4C0052A6BA /* Assets.xcassets in Resources */,
				9EB51F882292AB4A0052A6BA /* Main.storyboard in Resources */,
			);
			runOnlyForDeploymentPostprocessing = 0;
		};
		9EB51F912292AB4C0052A6BA /* Resources */ = {
			isa = PBXResourcesBuildPhase;
			buildActionMask = 2147483647;
			files = (
			);
			runOnlyForDeploymentPostprocessing = 0;
		};
		9EB51F9C2292AB4C0052A6BA /* Resources */ = {
			isa = PBXResourcesBuildPhase;
			buildActionMask = 2147483647;
			files = (
			);
			runOnlyForDeploymentPostprocessing = 0;
		};
/* End PBXResourcesBuildPhase section */

/* Begin PBXSourcesBuildPhase section */
		9EB51F7B2292AB4A0052A6BA /* Sources */ = {
			isa = PBXSourcesBuildPhase;
			buildActionMask = 2147483647;
			files = (
				9EB51F852292AB4A0052A6BA /* ViewController.swift in Sources */,
				9EB51FB92292B89D0052A6BA /* AppConfigurator.swift in Sources */,
				9EB51F832292AB4A0052A6BA /* AppDelegate.swift in Sources */,
				9EB51FB32292AB760052A6BA /* SWRevealViewController.m in Sources */,
				9EC229682293D9960086D230 /* RedViewController.swift in Sources */,
				9EC2296A2293E54D0086D230 /* OrangeViewController.swift in Sources */,
				9EB51FB52292AC080052A6BA /* MenuViewController.swift in Sources */,
			);
			runOnlyForDeploymentPostprocessing = 0;
		};
		9EB51F8F2292AB4C0052A6BA /* Sources */ = {
			isa = PBXSourcesBuildPhase;
			buildActionMask = 2147483647;
			files = (
				9EB51F982292AB4C0052A6BA /* SWRevealSlideOutMenuTests.swift in Sources */,
			);
			runOnlyForDeploymentPostprocessing = 0;
		};
		9EB51F9A2292AB4C0052A6BA /* Sources */ = {
			isa = PBXSourcesBuildPhase;
			buildActionMask = 2147483647;
			files = (
				9EB51FA32292AB4C0052A6BA /* SWRevealSlideOutMenuUITests.swift in Sources */,
			);
			runOnlyForDeploymentPostprocessing = 0;
		};
/* End PBXSourcesBuildPhase section */

/* Begin PBXTargetDependency section */
		9EB51F952292AB4C0052A6BA /* PBXTargetDependency */ = {
			isa = PBXTargetDependency;
			target = 9EB51F7E2292AB4A0052A6BA /* SWRevealSlideOutMenu */;
			targetProxy = 9EB51F942292AB4C0052A6BA /* PBXContainerItemProxy */;
		};
		9EB51FA02292AB4C0052A6BA /* PBXTargetDependency */ = {
			isa = PBXTargetDependency;
			target = 9EB51F7E2292AB4A0052A6BA /* SWRevealSlideOutMenu */;
			targetProxy = 9EB51F9F2292AB4C0052A6BA /* PBXContainerItemProxy */;
		};
/* End PBXTargetDependency section */

/* Begin PBXVariantGroup section */
		9EB51F862292AB4A0052A6BA /* Main.storyboard */ = {
			isa = PBXVariantGroup;
			children = (
				9EB51F872292AB4A0052A6BA /* Base */,
			);
			name = Main.storyboard;
			sourceTree = "<group>";
		};
		9EB51F8B2292AB4C0052A6BA /* LaunchScreen.storyboard */ = {
			isa = PBXVariantGroup;
			children = (
				9EB51F8C2292AB4C0052A6BA /* Base */,
			);
			name = LaunchScreen.storyboard;
			sourceTree = "<group>";
		};
/* End PBXVariantGroup section */

/* Begin XCBuildConfiguration section */
		9EB51FA52292AB4C0052A6BA /* Debug */ = {
			isa = XCBuildConfiguration;
			buildSettings = {
				ALWAYS_SEARCH_USER_PATHS = NO;
				CLANG_ANALYZER_NONNULL = YES;
				CLANG_ANALYZER_NUMBER_OBJECT_CONVERSION = YES_AGGRESSIVE;
				CLANG_CXX_LANGUAGE_STANDARD = "gnu++14";
				CLANG_CXX_LIBRARY = "libc++";
				CLANG_ENABLE_MODULES = YES;
				CLANG_ENABLE_OBJC_ARC = YES;
				CLANG_ENABLE_OBJC_WEAK = YES;
				CLANG_WARN_BLOCK_CAPTURE_AUTORELEASING = YES;
				CLANG_WARN_BOOL_CONVERSION = YES;
				CLANG_WARN_COMMA = YES;
				CLANG_WARN_CONSTANT_CONVERSION = YES;
				CLANG_WARN_DEPRECATED_OBJC_IMPLEMENTATIONS = YES;
				CLANG_WARN_DIRECT_OBJC_ISA_USAGE = YES_ERROR;
				CLANG_WARN_DOCUMENTATION_COMMENTS = YES;
				CLANG_WARN_EMPTY_BODY = YES;
				CLANG_WARN_ENUM_CONVERSION = YES;
				CLANG_WARN_INFINITE_RECURSION = YES;
				CLANG_WARN_INT_CONVERSION = YES;
				CLANG_WARN_NON_LITERAL_NULL_CONVERSION = YES;
				CLANG_WARN_OBJC_IMPLICIT_RETAIN_SELF = YES;
				CLANG_WARN_OBJC_LITERAL_CONVERSION = YES;
				CLANG_WARN_OBJC_ROOT_CLASS = YES_ERROR;
				CLANG_WARN_RANGE_LOOP_ANALYSIS = YES;
				CLANG_WARN_STRICT_PROTOTYPES = YES;
				CLANG_WARN_SUSPICIOUS_MOVE = YES;
				CLANG_WARN_UNGUARDED_AVAILABILITY = YES_AGGRESSIVE;
				CLANG_WARN_UNREACHABLE_CODE = YES;
				CLANG_WARN__DUPLICATE_METHOD_MATCH = YES;
				CODE_SIGN_IDENTITY = "iPhone Developer";
				COPY_PHASE_STRIP = NO;
				DEBUG_INFORMATION_FORMAT = dwarf;
				ENABLE_STRICT_OBJC_MSGSEND = YES;
				ENABLE_TESTABILITY = YES;
				GCC_C_LANGUAGE_STANDARD = gnu11;
				GCC_DYNAMIC_NO_PIC = NO;
				GCC_NO_COMMON_BLOCKS = YES;
				GCC_OPTIMIZATION_LEVEL = 0;
				GCC_PREPROCESSOR_DEFINITIONS = (
					"DEBUG=1",
					"$(inherited)",
				);
				GCC_WARN_64_TO_32_BIT_CONVERSION = YES;
				GCC_WARN_ABOUT_RETURN_TYPE = YES_ERROR;
				GCC_WARN_UNDECLARED_SELECTOR = YES;
				GCC_WARN_UNINITIALIZED_AUTOS = YES_AGGRESSIVE;
				GCC_WARN_UNUSED_FUNCTION = YES;
				GCC_WARN_UNUSED_VARIABLE = YES;
				IPHONEOS_DEPLOYMENT_TARGET = 12.2;
				MTL_ENABLE_DEBUG_INFO = INCLUDE_SOURCE;
				MTL_FAST_MATH = YES;
				ONLY_ACTIVE_ARCH = YES;
				SDKROOT = iphoneos;
				SWIFT_ACTIVE_COMPILATION_CONDITIONS = DEBUG;
				SWIFT_OPTIMIZATION_LEVEL = "-Onone";
			};
			name = Debug;
		};
		9EB51FA62292AB4C0052A6BA /* Release */ = {
			isa = XCBuildConfiguration;
			buildSettings = {
				ALWAYS_SEARCH_USER_PATHS = NO;
				CLANG_ANALYZER_NONNULL = YES;
				CLANG_ANALYZER_NUMBER_OBJECT_CONVERSION = YES_AGGRESSIVE;
				CLANG_CXX_LANGUAGE_STANDARD = "gnu++14";
				CLANG_CXX_LIBRARY = "libc++";
				CLANG_ENABLE_MODULES = YES;
				CLANG_ENABLE_OBJC_ARC = YES;
				CLANG_ENABLE_OBJC_WEAK = YES;
				CLANG_WARN_BLOCK_CAPTURE_AUTORELEASING = YES;
				CLANG_WARN_BOOL_CONVERSION = YES;
				CLANG_WARN_COMMA = YES;
				CLANG_WARN_CONSTANT_CONVERSION = YES;
				CLANG_WARN_DEPRECATED_OBJC_IMPLEMENTATIONS = YES;
				CLANG_WARN_DIRECT_OBJC_ISA_USAGE = YES_ERROR;
				CLANG_WARN_DOCUMENTATION_COMMENTS = YES;
				CLANG_WARN_EMPTY_BODY = YES;
				CLANG_WARN_ENUM_CONVERSION = YES;
				CLANG_WARN_INFINITE_RECURSION = YES;
				CLANG_WARN_INT_CONVERSION = YES;
				CLANG_WARN_NON_LITERAL_NULL_CONVERSION = YES;
				CLANG_WARN_OBJC_IMPLICIT_RETAIN_SELF = YES;
				CLANG_WARN_OBJC_LITERAL_CONVERSION = YES;
				CLANG_WARN_OBJC_ROOT_CLASS = YES_ERROR;
				CLANG_WARN_RANGE_LOOP_ANALYSIS = YES;
				CLANG_WARN_STRICT_PROTOTYPES = YES;
				CLANG_WARN_SUSPICIOUS_MOVE = YES;
				CLANG_WARN_UNGUARDED_AVAILABILITY = YES_AGGRESSIVE;
				CLANG_WARN_UNREACHABLE_CODE = YES;
				CLANG_WARN__DUPLICATE_METHOD_MATCH = YES;
				CODE_SIGN_IDENTITY = "iPhone Developer";
				COPY_PHASE_STRIP = NO;
				DEBUG_INFORMATION_FORMAT = "dwarf-with-dsym";
				ENABLE_NS_ASSERTIONS = NO;
				ENABLE_STRICT_OBJC_MSGSEND = YES;
				GCC_C_LANGUAGE_STANDARD = gnu11;
				GCC_NO_COMMON_BLOCKS = YES;
				GCC_WARN_64_TO_32_BIT_CONVERSION = YES;
				GCC_WARN_ABOUT_RETURN_TYPE = YES_ERROR;
				GCC_WARN_UNDECLARED_SELECTOR = YES;
				GCC_WARN_UNINITIALIZED_AUTOS = YES_AGGRESSIVE;
				GCC_WARN_UNUSED_FUNCTION = YES;
				GCC_WARN_UNUSED_VARIABLE = YES;
				IPHONEOS_DEPLOYMENT_TARGET = 12.2;
				MTL_ENABLE_DEBUG_INFO = NO;
				MTL_FAST_MATH = YES;
				SDKROOT = iphoneos;
				SWIFT_COMPILATION_MODE = wholemodule;
				SWIFT_OPTIMIZATION_LEVEL = "-O";
				VALIDATE_PRODUCT = YES;
			};
			name = Release;
		};
		9EB51FA82292AB4C0052A6BA /* Debug */ = {
			isa = XCBuildConfiguration;
			buildSettings = {
				ASSETCATALOG_COMPILER_APPICON_NAME = AppIcon;
				CLANG_ENABLE_MODULES = YES;
				CODE_SIGN_STYLE = Automatic;
				INFOPLIST_FILE = SWRevealSlideOutMenu/Info.plist;
				LD_RUNPATH_SEARCH_PATHS = (
					"$(inherited)",
					"@executable_path/Frameworks",
				);
				PRODUCT_BUNDLE_IDENTIFIER = IOS.SWRevealSlideOutMenu;
				PRODUCT_NAME = "$(TARGET_NAME)";
				SWIFT_OBJC_BRIDGING_HEADER = "SWRevealSlideOutMenu/SWRevealSlideOutMenu-Bridging-Header.h";
				SWIFT_OPTIMIZATION_LEVEL = "-Onone";
				SWIFT_VERSION = 5.0;
				TARGETED_DEVICE_FAMILY = "1,2";
			};
			name = Debug;
		};
		9EB51FA92292AB4C0052A6BA /* Release */ = {
			isa = XCBuildConfiguration;
			buildSettings = {
				ASSETCATALOG_COMPILER_APPICON_NAME = AppIcon;
				CLANG_ENABLE_MODULES = YES;
				CODE_SIGN_STYLE = Automatic;
				INFOPLIST_FILE = SWRevealSlideOutMenu/Info.plist;
				LD_RUNPATH_SEARCH_PATHS = (
					"$(inherited)",
					"@executable_path/Frameworks",
				);
				PRODUCT_BUNDLE_IDENTIFIER = IOS.SWRevealSlideOutMenu;
				PRODUCT_NAME = "$(TARGET_NAME)";
				SWIFT_OBJC_BRIDGING_HEADER = "SWRevealSlideOutMenu/SWRevealSlideOutMenu-Bridging-Header.h";
				SWIFT_VERSION = 5.0;
				TARGETED_DEVICE_FAMILY = "1,2";
			};
			name = Release;
		};
		9EB51FAB2292AB4C0052A6BA /* Debug */ = {
			isa = XCBuildConfiguration;
			buildSettings = {
				ALWAYS_EMBED_SWIFT_STANDARD_LIBRARIES = YES;
				BUNDLE_LOADER = "$(TEST_HOST)";
				CODE_SIGN_STYLE = Automatic;
				INFOPLIST_FILE = SWRevealSlideOutMenuTests/Info.plist;
				LD_RUNPATH_SEARCH_PATHS = (
					"$(inherited)",
					"@executable_path/Frameworks",
					"@loader_path/Frameworks",
				);
				PRODUCT_BUNDLE_IDENTIFIER = IOS.SWRevealSlideOutMenuTests;
				PRODUCT_NAME = "$(TARGET_NAME)";
				SWIFT_VERSION = 5.0;
				TARGETED_DEVICE_FAMILY = "1,2";
				TEST_HOST = "$(BUILT_PRODUCTS_DIR)/SWRevealSlideOutMenu.app/SWRevealSlideOutMenu";
			};
			name = Debug;
		};
		9EB51FAC2292AB4C0052A6BA /* Release */ = {
			isa = XCBuildConfiguration;
			buildSettings = {
				ALWAYS_EMBED_SWIFT_STANDARD_LIBRARIES = YES;
				BUNDLE_LOADER = "$(TEST_HOST)";
				CODE_SIGN_STYLE = Automatic;
				INFOPLIST_FILE = SWRevealSlideOutMenuTests/Info.plist;
				LD_RUNPATH_SEARCH_PATHS = (
					"$(inherited)",
					"@executable_path/Frameworks",
					"@loader_path/Frameworks",
				);
				PRODUCT_BUNDLE_IDENTIFIER = IOS.SWRevealSlideOutMenuTests;
				PRODUCT_NAME = "$(TARGET_NAME)";
				SWIFT_VERSION = 5.0;
				TARGETED_DEVICE_FAMILY = "1,2";
				TEST_HOST = "$(BUILT_PRODUCTS_DIR)/SWRevealSlideOutMenu.app/SWRevealSlideOutMenu";
			};
			name = Release;
		};
		9EB51FAE2292AB4C0052A6BA /* Debug */ = {
			isa = XCBuildConfiguration;
			buildSettings = {
				ALWAYS_EMBED_SWIFT_STANDARD_LIBRARIES = YES;
				CODE_SIGN_STYLE = Automatic;
				INFOPLIST_FILE = SWRevealSlideOutMenuUITests/Info.plist;
				LD_RUNPATH_SEARCH_PATHS = (
					"$(inherited)",
					"@executable_path/Frameworks",
					"@loader_path/Frameworks",
				);
				PRODUCT_BUNDLE_IDENTIFIER = IOS.SWRevealSlideOutMenuUITests;
				PRODUCT_NAME = "$(TARGET_NAME)";
				SWIFT_VERSION = 5.0;
				TARGETED_DEVICE_FAMILY = "1,2";
				TEST_TARGET_NAME = SWRevealSlideOutMenu;
			};
			name = Debug;
		};
		9EB51FAF2292AB4C0052A6BA /* Release */ = {
			isa = XCBuildConfiguration;
			buildSettings = {
				ALWAYS_EMBED_SWIFT_STANDARD_LIBRARIES = YES;
				CODE_SIGN_STYLE = Automatic;
				INFOPLIST_FILE = SWRevealSlideOutMenuUITests/Info.plist;
				LD_RUNPATH_SEARCH_PATHS = (
					"$(inherited)",
					"@executable_path/Frameworks",
					"@loader_path/Frameworks",
				);
				PRODUCT_BUNDLE_IDENTIFIER = IOS.SWRevealSlideOutMenuUITests;
				PRODUCT_NAME = "$(TARGET_NAME)";
				SWIFT_VERSION = 5.0;
				TARGETED_DEVICE_FAMILY = "1,2";
				TEST_TARGET_NAME = SWRevealSlideOutMenu;
			};
			name = Release;
		};
/* End XCBuildConfiguration section */

/* Begin XCConfigurationList section */
		9EB51F7A2292AB4A0052A6BA /* Build configuration list for PBXProject "SWRevealSlideOutMenu" */ = {
			isa = XCConfigurationList;
			buildConfigurations = (
				9EB51FA52292AB4C0052A6BA /* Debug */,
				9EB51FA62292AB4C0052A6BA /* Release */,
			);
			defaultConfigurationIsVisible = 0;
			defaultConfigurationName = Release;
		};
		9EB51FA72292AB4C0052A6BA /* Build configuration list for PBXNativeTarget "SWRevealSlideOutMenu" */ = {
			isa = XCConfigurationList;
			buildConfigurations = (
				9EB51FA82292AB4C0052A6BA /* Debug */,
				9EB51FA92292AB4C0052A6BA /* Release */,
			);
			defaultConfigurationIsVisible = 0;
			defaultConfigurationName = Release;
		};
		9EB51FAA2292AB4C0052A6BA /* Build configuration list for PBXNativeTarget "SWRevealSlideOutMenuTests" */ = {
			isa = XCConfigurationList;
			buildConfigurations = (
				9EB51FAB2292AB4C0052A6BA /* Debug */,
				9EB51FAC2292AB4C0052A6BA /* Release */,
			);
			defaultConfigurationIsVisible = 0;
			defaultConfigurationName = Release;
		};
		9EB51FAD2292AB4C0052A6BA /* Build configuration list for PBXNativeTarget "SWRevealSlideOutMenuUITests" */ = {
			isa = XCConfigurationList;
			buildConfigurations = (
				9EB51FAE2292AB4C0052A6BA /* Debug */,
				9EB51FAF2292AB4C0052A6BA /* Release */,
			);
			defaultConfigurationIsVisible = 0;
			defaultConfigurationName = Release;
		};
/* End XCConfigurationList section */
	};
	rootObject = 9EB51F772292AB4A0052A6BA /* Project object */;
}
